
Microsoft Visual Studio Solution File, Format Version 12.00
# Visual Studio Version 17
VisualStudioVersion = 17.11.35312.102
MinimumVisualStudioVersion = 10.0.40219.1
Project("{FAE04EC0-301F-11D3-BF4B-00C04F79EFBC}") = "PharmacyManagementSystem", "PharmacyManagementSystem\PharmacyManagementSystem.csproj", "{B51827D6-B895-4B64-B19B-8D6106FD88E4}"
EndProject
Global
	GlobalSection(SolutionConfigurationPlatforms) = preSolution
		Debug|Any CPU = Debug|Any CPU
		Release|Any CPU = Release|Any CPU
	EndGlobalSection
	GlobalSection(ProjectConfigurationPlatforms) = postSolution
		{B51827D6-B895-4B64-B19B-8D6106FD88E4}.Debug|Any CPU.ActiveCfg = Debug|Any CPU
		{B51827D6-B895-4B64-B19B-8D6106FD88E4}.Debug|Any CPU.Build.0 = Debug|Any CPU
		{B51827D6-B895-4B64-B19B-8D6106FD88E4}.Release|Any CPU.ActiveCfg = Release|Any CPU
		{B51827D6-B895-4B64-B19B-8D6106FD88E4}.Release|Any CPU.Build.0 = Release|Any CPU
	EndGlobalSection
	GlobalSection(SolutionProperties) = preSolution
		HideSolutionNode = FALSE
	EndGlobalSection
	GlobalSection(ExtensibilityGlobals) = postSolution
		SolutionGuid = {D502A5E6-09AD-4377-B964-8049810699D4}
	EndGlobalSection
EndGlobal
